// !$*UTF8*$!
{
	archiveVersion = 1;
	classes = {
	};
	objectVersion = 56;
	objects = {

/* Begin PBXBuildFile section */
		0E34210B2C19A1E4001E3B9F /* VideoView.swift in Sources */ = {isa = PBXBuildFile; fileRef = 0E34210A2C19A1E4001E3B9F /* VideoView.swift */; };
		0EA7692E2C01A94A00B6C62F /* GifSearchRequest.swift in Sources */ = {isa = PBXBuildFile; fileRef = 0EA7692D2C01A94A00B6C62F /* GifSearchRequest.swift */; };
		0EA769302C01A99A00B6C62F /* GifSearchResponse.swift in Sources */ = {isa = PBXBuildFile; fileRef = 0EA7692F2C01A99A00B6C62F /* GifSearchResponse.swift */; };
		0ED80EF22BFDBC7A00A49DCF /* HTTPMethod.swift in Sources */ = {isa = PBXBuildFile; fileRef = 0ED80EF12BFDBC7A00A49DCF /* HTTPMethod.swift */; };
		0ED80EF42BFDBD0A00A49DCF /* APIError.swift in Sources */ = {isa = PBXBuildFile; fileRef = 0ED80EF32BFDBD0A00A49DCF /* APIError.swift */; };
		0ED80EF62BFDBE4000A49DCF /* APIRequest.swift in Sources */ = {isa = PBXBuildFile; fileRef = 0ED80EF52BFDBE4000A49DCF /* APIRequest.swift */; };
		0ED80EF82BFDEB6900A49DCF /* APIProvider.swift in Sources */ = {isa = PBXBuildFile; fileRef = 0ED80EF72BFDEB6900A49DCF /* APIProvider.swift */; };
		0ED80EFA2BFDF16C00A49DCF /* DefaultAPIProvider.swift in Sources */ = {isa = PBXBuildFile; fileRef = 0ED80EF92BFDF16C00A49DCF /* DefaultAPIProvider.swift */; };
		0ED80EFC2BFDF76400A49DCF /* GiphyAPIRequest.swift in Sources */ = {isa = PBXBuildFile; fileRef = 0ED80EFB2BFDF76400A49DCF /* GiphyAPIRequest.swift */; };
		0EF2ADC52C031B3300105837 /* GiphyService.swift in Sources */ = {isa = PBXBuildFile; fileRef = 0EF2ADC42C031B3300105837 /* GiphyService.swift */; };
		0EF2ADC72C034D8500105837 /* MediaType.swift in Sources */ = {isa = PBXBuildFile; fileRef = 0EF2ADC62C034D8500105837 /* MediaType.swift */; };
		0EF2ADC92C034F0E00105837 /* GifBundle.swift in Sources */ = {isa = PBXBuildFile; fileRef = 0EF2ADC82C034F0E00105837 /* GifBundle.swift */; };
		0EF2ADCC2C03502A00105837 /* DefaultGiphyService.swift in Sources */ = {isa = PBXBuildFile; fileRef = 0EF2ADCB2C03502A00105837 /* DefaultGiphyService.swift */; };
		0EF2ADCE2C03533700105837 /* GifSearchResponse+Extension.swift in Sources */ = {isa = PBXBuildFile; fileRef = 0EF2ADCD2C03533700105837 /* GifSearchResponse+Extension.swift */; };
		0EF2ADD02C04093000105837 /* SearchViewModel.swift in Sources */ = {isa = PBXBuildFile; fileRef = 0EF2ADCF2C04093000105837 /* SearchViewModel.swift */; };
		0EF2ADD32C048E8300105837 /* Observable.swift in Sources */ = {isa = PBXBuildFile; fileRef = 0EF2ADD22C048E8300105837 /* Observable.swift */; };
		0EF2ADD62C06138600105837 /* SearchOutcomeBoxViewController.swift in Sources */ = {isa = PBXBuildFile; fileRef = 0EF2ADD52C06138600105837 /* SearchOutcomeBoxViewController.swift */; };
		0EF2ADD82C0616B600105837 /* ImageCollectionViewCell.swift in Sources */ = {isa = PBXBuildFile; fileRef = 0EF2ADD72C0616B600105837 /* ImageCollectionViewCell.swift */; };
		0EF2ADDA2C09DAA500105837 /* ImageObjectViewModel.swift in Sources */ = {isa = PBXBuildFile; fileRef = 0EF2ADD92C09DAA500105837 /* ImageObjectViewModel.swift */; };
		0EF2ADDD2C0C746E00105837 /* CacheManager.swift in Sources */ = {isa = PBXBuildFile; fileRef = 0EF2ADDC2C0C746E00105837 /* CacheManager.swift */; };
		0EF3EA0B2BF9D0EB000F3E06 /* AppDelegate.swift in Sources */ = {isa = PBXBuildFile; fileRef = 0EF3EA0A2BF9D0EB000F3E06 /* AppDelegate.swift */; };
		0EF3EA0D2BF9D0EB000F3E06 /* SceneDelegate.swift in Sources */ = {isa = PBXBuildFile; fileRef = 0EF3EA0C2BF9D0EB000F3E06 /* SceneDelegate.swift */; };
		0EF3EA0F2BF9D0EB000F3E06 /* SearchViewController.swift in Sources */ = {isa = PBXBuildFile; fileRef = 0EF3EA0E2BF9D0EB000F3E06 /* SearchViewController.swift */; };
		0EF3EA142BF9D0EC000F3E06 /* Assets.xcassets in Resources */ = {isa = PBXBuildFile; fileRef = 0EF3EA132BF9D0EC000F3E06 /* Assets.xcassets */; };
		0EF3EA172BF9D0EC000F3E06 /* LaunchScreen.storyboard in Resources */ = {isa = PBXBuildFile; fileRef = 0EF3EA152BF9D0EC000F3E06 /* LaunchScreen.storyboard */; };
		0EF3EA222BFB5D92000F3E06 /* ImageCollection.swift in Sources */ = {isa = PBXBuildFile; fileRef = 0EF3EA212BFB5D92000F3E06 /* ImageCollection.swift */; };
		0EF3EA242BFB6174000F3E06 /* User.swift in Sources */ = {isa = PBXBuildFile; fileRef = 0EF3EA232BFB6174000F3E06 /* User.swift */; };
		0EF3EA262BFB6228000F3E06 /* Gif.swift in Sources */ = {isa = PBXBuildFile; fileRef = 0EF3EA252BFB6228000F3E06 /* Gif.swift */; };
/* End PBXBuildFile section */

/* Begin PBXFileReference section */
		0E34210A2C19A1E4001E3B9F /* VideoView.swift */ = {isa = PBXFileReference; lastKnownFileType = sourcecode.swift; path = VideoView.swift; sourceTree = "<group>"; };
		0EA7692D2C01A94A00B6C62F /* GifSearchRequest.swift */ = {isa = PBXFileReference; lastKnownFileType = sourcecode.swift; path = GifSearchRequest.swift; sourceTree = "<group>"; };
		0EA7692F2C01A99A00B6C62F /* GifSearchResponse.swift */ = {isa = PBXFileReference; lastKnownFileType = sourcecode.swift; path = GifSearchResponse.swift; sourceTree = "<group>"; };
		0ED80EF12BFDBC7A00A49DCF /* HTTPMethod.swift */ = {isa = PBXFileReference; lastKnownFileType = sourcecode.swift; path = HTTPMethod.swift; sourceTree = "<group>"; };
		0ED80EF32BFDBD0A00A49DCF /* APIError.swift */ = {isa = PBXFileReference; lastKnownFileType = sourcecode.swift; path = APIError.swift; sourceTree = "<group>"; };
		0ED80EF52BFDBE4000A49DCF /* APIRequest.swift */ = {isa = PBXFileReference; lastKnownFileType = sourcecode.swift; path = APIRequest.swift; sourceTree = "<group>"; };
		0ED80EF72BFDEB6900A49DCF /* APIProvider.swift */ = {isa = PBXFileReference; lastKnownFileType = sourcecode.swift; path = APIProvider.swift; sourceTree = "<group>"; };
		0ED80EF92BFDF16C00A49DCF /* DefaultAPIProvider.swift */ = {isa = PBXFileReference; lastKnownFileType = sourcecode.swift; path = DefaultAPIProvider.swift; sourceTree = "<group>"; };
		0ED80EFB2BFDF76400A49DCF /* GiphyAPIRequest.swift */ = {isa = PBXFileReference; lastKnownFileType = sourcecode.swift; path = GiphyAPIRequest.swift; sourceTree = "<group>"; };
		0EF2ADC42C031B3300105837 /* GiphyService.swift */ = {isa = PBXFileReference; lastKnownFileType = sourcecode.swift; path = GiphyService.swift; sourceTree = "<group>"; };
		0EF2ADC62C034D8500105837 /* MediaType.swift */ = {isa = PBXFileReference; lastKnownFileType = sourcecode.swift; path = MediaType.swift; sourceTree = "<group>"; };
		0EF2ADC82C034F0E00105837 /* GifBundle.swift */ = {isa = PBXFileReference; lastKnownFileType = sourcecode.swift; path = GifBundle.swift; sourceTree = "<group>"; };
		0EF2ADCB2C03502A00105837 /* DefaultGiphyService.swift */ = {isa = PBXFileReference; lastKnownFileType = sourcecode.swift; path = DefaultGiphyService.swift; sourceTree = "<group>"; };
		0EF2ADCD2C03533700105837 /* GifSearchResponse+Extension.swift */ = {isa = PBXFileReference; lastKnownFileType = sourcecode.swift; path = "GifSearchResponse+Extension.swift"; sourceTree = "<group>"; };
		0EF2ADCF2C04093000105837 /* SearchViewModel.swift */ = {isa = PBXFileReference; lastKnownFileType = sourcecode.swift; path = SearchViewModel.swift; sourceTree = "<group>"; };
		0EF2ADD22C048E8300105837 /* Observable.swift */ = {isa = PBXFileReference; lastKnownFileType = sourcecode.swift; path = Observable.swift; sourceTree = "<group>"; };
		0EF2ADD52C06138600105837 /* SearchOutcomeBoxViewController.swift */ = {isa = PBXFileReference; lastKnownFileType = sourcecode.swift; path = SearchOutcomeBoxViewController.swift; sourceTree = "<group>"; };
		0EF2ADD72C0616B600105837 /* ImageCollectionViewCell.swift */ = {isa = PBXFileReference; lastKnownFileType = sourcecode.swift; path = ImageCollectionViewCell.swift; sourceTree = "<group>"; };
		0EF2ADD92C09DAA500105837 /* ImageObjectViewModel.swift */ = {isa = PBXFileReference; lastKnownFileType = sourcecode.swift; path = ImageObjectViewModel.swift; sourceTree = "<group>"; };
		0EF2ADDC2C0C746E00105837 /* CacheManager.swift */ = {isa = PBXFileReference; lastKnownFileType = sourcecode.swift; path = CacheManager.swift; sourceTree = "<group>"; };
		0EF3EA072BF9D0EB000F3E06 /* GIF_Search.app */ = {isa = PBXFileReference; explicitFileType = wrapper.application; includeInIndex = 0; path = GIF_Search.app; sourceTree = BUILT_PRODUCTS_DIR; };
		0EF3EA0A2BF9D0EB000F3E06 /* AppDelegate.swift */ = {isa = PBXFileReference; lastKnownFileType = sourcecode.swift; path = AppDelegate.swift; sourceTree = "<group>"; };
		0EF3EA0C2BF9D0EB000F3E06 /* SceneDelegate.swift */ = {isa = PBXFileReference; lastKnownFileType = sourcecode.swift; path = SceneDelegate.swift; sourceTree = "<group>"; };
		0EF3EA0E2BF9D0EB000F3E06 /* SearchViewController.swift */ = {isa = PBXFileReference; lastKnownFileType = sourcecode.swift; path = SearchViewController.swift; sourceTree = "<group>"; };
		0EF3EA132BF9D0EC000F3E06 /* Assets.xcassets */ = {isa = PBXFileReference; lastKnownFileType = folder.assetcatalog; path = Assets.xcassets; sourceTree = "<group>"; };
		0EF3EA162BF9D0EC000F3E06 /* Base */ = {isa = PBXFileReference; lastKnownFileType = file.storyboard; name = Base; path = Base.lproj/LaunchScreen.storyboard; sourceTree = "<group>"; };
		0EF3EA182BF9D0EC000F3E06 /* Info.plist */ = {isa = PBXFileReference; lastKnownFileType = text.plist.xml; path = Info.plist; sourceTree = "<group>"; };
		0EF3EA1E2BF9FA7B000F3E06 /* Secrets.xcconfig */ = {isa = PBXFileReference; lastKnownFileType = text.xcconfig; path = Secrets.xcconfig; sourceTree = "<group>"; };
		0EF3EA212BFB5D92000F3E06 /* ImageCollection.swift */ = {isa = PBXFileReference; lastKnownFileType = sourcecode.swift; path = ImageCollection.swift; sourceTree = "<group>"; };
		0EF3EA232BFB6174000F3E06 /* User.swift */ = {isa = PBXFileReference; lastKnownFileType = sourcecode.swift; path = User.swift; sourceTree = "<group>"; };
		0EF3EA252BFB6228000F3E06 /* Gif.swift */ = {isa = PBXFileReference; lastKnownFileType = sourcecode.swift; path = Gif.swift; sourceTree = "<group>"; };
/* End PBXFileReference section */

/* Begin PBXFrameworksBuildPhase section */
		0EF3EA042BF9D0EB000F3E06 /* Frameworks */ = {
			isa = PBXFrameworksBuildPhase;
			buildActionMask = 2147483647;
			files = (
			);
			runOnlyForDeploymentPostprocessing = 0;
		};
/* End PBXFrameworksBuildPhase section */

/* Begin PBXGroup section */
		0E3421092C19A1D6001E3B9F /* View */ = {
			isa = PBXGroup;
			children = (
				0E34210A2C19A1E4001E3B9F /* VideoView.swift */,
			);
			path = View;
			sourceTree = "<group>";
		};
		0EA769312C03171800B6C62F /* Presentation */ = {
			isa = PBXGroup;
			children = (
				0EA769322C03172700B6C62F /* Common */,
				0EA769332C03173C00B6C62F /* Search */,
			);
			path = Presentation;
			sourceTree = "<group>";
		};
		0EA769322C03172700B6C62F /* Common */ = {
			isa = PBXGroup;
			children = (
				0E3421092C19A1D6001E3B9F /* View */,
			);
			path = Common;
			sourceTree = "<group>";
		};
		0EA769332C03173C00B6C62F /* Search */ = {
			isa = PBXGroup;
			children = (
				0EA769342C03174800B6C62F /* ViewModels */,
				0EA769352C03175000B6C62F /* Views */,
			);
			path = Search;
			sourceTree = "<group>";
		};
		0EA769342C03174800B6C62F /* ViewModels */ = {
			isa = PBXGroup;
			children = (
				0EF2ADCF2C04093000105837 /* SearchViewModel.swift */,
				0EF2ADD92C09DAA500105837 /* ImageObjectViewModel.swift */,
			);
			path = ViewModels;
			sourceTree = "<group>";
		};
		0EA769352C03175000B6C62F /* Views */ = {
			isa = PBXGroup;
			children = (
				0EF3EA0E2BF9D0EB000F3E06 /* SearchViewController.swift */,
				0EF2ADD42C06124500105837 /* SearchOutcomeBox */,
			);
			path = Views;
			sourceTree = "<group>";
		};
		0EF2ADD12C048E5E00105837 /* Utility */ = {
			isa = PBXGroup;
			children = (
				0EF2ADD22C048E8300105837 /* Observable.swift */,
				0EF2ADDC2C0C746E00105837 /* CacheManager.swift */,
			);
			path = Utility;
			sourceTree = "<group>";
		};
		0EF2ADD42C06124500105837 /* SearchOutcomeBox */ = {
			isa = PBXGroup;
			children = (
				0EF2ADD52C06138600105837 /* SearchOutcomeBoxViewController.swift */,
				0EF2ADD72C0616B600105837 /* ImageCollectionViewCell.swift */,
			);
			path = SearchOutcomeBox;
			sourceTree = "<group>";
		};
		0EF3E9FE2BF9D0EB000F3E06 = {
			isa = PBXGroup;
			children = (
				0EF3EA1E2BF9FA7B000F3E06 /* Secrets.xcconfig */,
				0EF3EA092BF9D0EB000F3E06 /* GIF_Search */,
				0EF3EA082BF9D0EB000F3E06 /* Products */,
			);
			sourceTree = "<group>";
		};
		0EF3EA082BF9D0EB000F3E06 /* Products */ = {
			isa = PBXGroup;
			children = (
				0EF3EA072BF9D0EB000F3E06 /* GIF_Search.app */,
			);
			name = Products;
			sourceTree = "<group>";
		};
		0EF3EA092BF9D0EB000F3E06 /* GIF_Search */ = {
			isa = PBXGroup;
			children = (
				0EF3EA0A2BF9D0EB000F3E06 /* AppDelegate.swift */,
				0EF3EA0C2BF9D0EB000F3E06 /* SceneDelegate.swift */,
				0EF3EA202BFB5D5E000F3E06 /* Model */,
				0EF3EA272BFB67DA000F3E06 /* Network */,
				0EA769312C03171800B6C62F /* Presentation */,
				0EF2ADD12C048E5E00105837 /* Utility */,
				0EF3EA132BF9D0EC000F3E06 /* Assets.xcassets */,
				0EF3EA152BF9D0EC000F3E06 /* LaunchScreen.storyboard */,
				0EF3EA182BF9D0EC000F3E06 /* Info.plist */,
			);
			path = GIF_Search;
			sourceTree = "<group>";
		};
		0EF3EA202BFB5D5E000F3E06 /* Model */ = {
			isa = PBXGroup;
			children = (
				0EF2ADC82C034F0E00105837 /* GifBundle.swift */,
				0EF3EA252BFB6228000F3E06 /* Gif.swift */,
				0EF2ADC62C034D8500105837 /* MediaType.swift */,
				0EF3EA232BFB6174000F3E06 /* User.swift */,
				0EF3EA212BFB5D92000F3E06 /* ImageCollection.swift */,
			);
			name = Model;
			path = "New Group/Model";
			sourceTree = "<group>";
		};
		0EF3EA272BFB67DA000F3E06 /* Network */ = {
			isa = PBXGroup;
			children = (
				0EF3EA282BFB67F9000F3E06 /* Endpoint */,
				0EF3EA292BFB6804000F3E06 /* Giphy */,
			);
			path = Network;
			sourceTree = "<group>";
		};
		0EF3EA282BFB67F9000F3E06 /* Endpoint */ = {
			isa = PBXGroup;
			children = (
				0ED80EF52BFDBE4000A49DCF /* APIRequest.swift */,
				0ED80EF12BFDBC7A00A49DCF /* HTTPMethod.swift */,
				0ED80EF32BFDBD0A00A49DCF /* APIError.swift */,
				0ED80EF72BFDEB6900A49DCF /* APIProvider.swift */,
				0ED80EF92BFDF16C00A49DCF /* DefaultAPIProvider.swift */,
			);
			path = Endpoint;
			sourceTree = "<group>";
		};
		0EF3EA292BFB6804000F3E06 /* Giphy */ = {
			isa = PBXGroup;
			children = (
				0EF2ADC42C031B3300105837 /* GiphyService.swift */,
				0EF2ADCB2C03502A00105837 /* DefaultGiphyService.swift */,
				0EF3EA2A2BFB681B000F3E06 /* Entity */,
			);
			path = Giphy;
			sourceTree = "<group>";
		};
		0EF3EA2A2BFB681B000F3E06 /* Entity */ = {
			isa = PBXGroup;
			children = (
				0ED80EFB2BFDF76400A49DCF /* GiphyAPIRequest.swift */,
				0EA7692D2C01A94A00B6C62F /* GifSearchRequest.swift */,
				0EA7692F2C01A99A00B6C62F /* GifSearchResponse.swift */,
				0EF2ADCD2C03533700105837 /* GifSearchResponse+Extension.swift */,
			);
			path = Entity;
			sourceTree = "<group>";
		};
/* End PBXGroup section */

/* Begin PBXNativeTarget section */
		0EF3EA062BF9D0EB000F3E06 /* GIF_Search */ = {
			isa = PBXNativeTarget;
			buildConfigurationList = 0EF3EA1B2BF9D0EC000F3E06 /* Build configuration list for PBXNativeTarget "GIF_Search" */;
			buildPhases = (
				0EF3EA032BF9D0EB000F3E06 /* Sources */,
				0EF3EA042BF9D0EB000F3E06 /* Frameworks */,
				0EF3EA052BF9D0EB000F3E06 /* Resources */,
			);
			buildRules = (
			);
			dependencies = (
			);
			name = GIF_Search;
			productName = GIF_Search;
			productReference = 0EF3EA072BF9D0EB000F3E06 /* GIF_Search.app */;
			productType = "com.apple.product-type.application";
		};
/* End PBXNativeTarget section */

/* Begin PBXProject section */
		0EF3E9FF2BF9D0EB000F3E06 /* Project object */ = {
			isa = PBXProject;
			attributes = {
				BuildIndependentTargetsInParallel = 1;
				LastSwiftUpdateCheck = 1500;
				LastUpgradeCheck = 1500;
				TargetAttributes = {
					0EF3EA062BF9D0EB000F3E06 = {
						CreatedOnToolsVersion = 15.0.1;
					};
				};
			};
			buildConfigurationList = 0EF3EA022BF9D0EB000F3E06 /* Build configuration list for PBXProject "GIF_Search" */;
			compatibilityVersion = "Xcode 14.0";
			developmentRegion = en;
			hasScannedForEncodings = 0;
			knownRegions = (
				en,
				Base,
			);
			mainGroup = 0EF3E9FE2BF9D0EB000F3E06;
			productRefGroup = 0EF3EA082BF9D0EB000F3E06 /* Products */;
			projectDirPath = "";
			projectRoot = "";
			targets = (
				0EF3EA062BF9D0EB000F3E06 /* GIF_Search */,
			);
		};
/* End PBXProject section */

/* Begin PBXResourcesBuildPhase section */
		0EF3EA052BF9D0EB000F3E06 /* Resources */ = {
			isa = PBXResourcesBuildPhase;
			buildActionMask = 2147483647;
			files = (
				0EF3EA172BF9D0EC000F3E06 /* LaunchScreen.storyboard in Resources */,
				0EF3EA142BF9D0EC000F3E06 /* Assets.xcassets in Resources */,
			);
			runOnlyForDeploymentPostprocessing = 0;
		};
/* End PBXResourcesBuildPhase section */

/* Begin PBXSourcesBuildPhase section */
		0EF3EA032BF9D0EB000F3E06 /* Sources */ = {
			isa = PBXSourcesBuildPhase;
			buildActionMask = 2147483647;
			files = (
				0ED80EFC2BFDF76400A49DCF /* GiphyAPIRequest.swift in Sources */,
				0ED80EFA2BFDF16C00A49DCF /* DefaultAPIProvider.swift in Sources */,
				0EF3EA0F2BF9D0EB000F3E06 /* SearchViewController.swift in Sources */,
				0EF3EA0B2BF9D0EB000F3E06 /* AppDelegate.swift in Sources */,
				0EF2ADC52C031B3300105837 /* GiphyService.swift in Sources */,
				0ED80EF22BFDBC7A00A49DCF /* HTTPMethod.swift in Sources */,
				0EF2ADD02C04093000105837 /* SearchViewModel.swift in Sources */,
				0EF2ADD62C06138600105837 /* SearchOutcomeBoxViewController.swift in Sources */,
				0EF3EA262BFB6228000F3E06 /* Gif.swift in Sources */,
				0EF3EA0D2BF9D0EB000F3E06 /* SceneDelegate.swift in Sources */,
				0EA7692E2C01A94A00B6C62F /* GifSearchRequest.swift in Sources */,
				0EF2ADDD2C0C746E00105837 /* CacheManager.swift in Sources */,
				0E34210B2C19A1E4001E3B9F /* VideoView.swift in Sources */,
				0EF2ADD32C048E8300105837 /* Observable.swift in Sources */,
				0ED80EF42BFDBD0A00A49DCF /* APIError.swift in Sources */,
				0EA769302C01A99A00B6C62F /* GifSearchResponse.swift in Sources */,
				0EF3EA242BFB6174000F3E06 /* User.swift in Sources */,
				0EF2ADC72C034D8500105837 /* MediaType.swift in Sources */,
				0EF2ADD82C0616B600105837 /* ImageCollectionViewCell.swift in Sources */,
				0EF2ADC92C034F0E00105837 /* GifBundle.swift in Sources */,
				0ED80EF82BFDEB6900A49DCF /* APIProvider.swift in Sources */,
				0EF2ADCE2C03533700105837 /* GifSearchResponse+Extension.swift in Sources */,
				0ED80EF62BFDBE4000A49DCF /* APIRequest.swift in Sources */,
				0EF3EA222BFB5D92000F3E06 /* ImageCollection.swift in Sources */,
				0EF2ADDA2C09DAA500105837 /* ImageObjectViewModel.swift in Sources */,
				0EF2ADCC2C03502A00105837 /* DefaultGiphyService.swift in Sources */,
			);
			runOnlyForDeploymentPostprocessing = 0;
		};
/* End PBXSourcesBuildPhase section */

/* Begin PBXVariantGroup section */
		0EF3EA152BF9D0EC000F3E06 /* LaunchScreen.storyboard */ = {
			isa = PBXVariantGroup;
			children = (
				0EF3EA162BF9D0EC000F3E06 /* Base */,
			);
			name = LaunchScreen.storyboard;
			sourceTree = "<group>";
		};
/* End PBXVariantGroup section */

/* Begin XCBuildConfiguration section */
		0EF3EA192BF9D0EC000F3E06 /* Debug */ = {
			isa = XCBuildConfiguration;
			buildSettings = {
				ALWAYS_SEARCH_USER_PATHS = NO;
				ASSETCATALOG_COMPILER_GENERATE_SWIFT_ASSET_SYMBOL_EXTENSIONS = YES;
				CLANG_ANALYZER_NONNULL = YES;
				CLANG_ANALYZER_NUMBER_OBJECT_CONVERSION = YES_AGGRESSIVE;
				CLANG_CXX_LANGUAGE_STANDARD = "gnu++20";
				CLANG_ENABLE_MODULES = YES;
				CLANG_ENABLE_OBJC_ARC = YES;
				CLANG_ENABLE_OBJC_WEAK = YES;
				CLANG_WARN_BLOCK_CAPTURE_AUTORELEASING = YES;
				CLANG_WARN_BOOL_CONVERSION = YES;
				CLANG_WARN_COMMA = YES;
				CLANG_WARN_CONSTANT_CONVERSION = YES;
				CLANG_WARN_DEPRECATED_OBJC_IMPLEMENTATIONS = YES;
				CLANG_WARN_DIRECT_OBJC_ISA_USAGE = YES_ERROR;
				CLANG_WARN_DOCUMENTATION_COMMENTS = YES;
				CLANG_WARN_EMPTY_BODY = YES;
				CLANG_WARN_ENUM_CONVERSION = YES;
				CLANG_WARN_INFINITE_RECURSION = YES;
				CLANG_WARN_INT_CONVERSION = YES;
				CLANG_WARN_NON_LITERAL_NULL_CONVERSION = YES;
				CLANG_WARN_OBJC_IMPLICIT_RETAIN_SELF = YES;
				CLANG_WARN_OBJC_LITERAL_CONVERSION = YES;
				CLANG_WARN_OBJC_ROOT_CLASS = YES_ERROR;
				CLANG_WARN_QUOTED_INCLUDE_IN_FRAMEWORK_HEADER = YES;
				CLANG_WARN_RANGE_LOOP_ANALYSIS = YES;
				CLANG_WARN_STRICT_PROTOTYPES = YES;
				CLANG_WARN_SUSPICIOUS_MOVE = YES;
				CLANG_WARN_UNGUARDED_AVAILABILITY = YES_AGGRESSIVE;
				CLANG_WARN_UNREACHABLE_CODE = YES;
				CLANG_WARN__DUPLICATE_METHOD_MATCH = YES;
				COPY_PHASE_STRIP = NO;
				DEBUG_INFORMATION_FORMAT = dwarf;
				ENABLE_STRICT_OBJC_MSGSEND = YES;
				ENABLE_TESTABILITY = YES;
				ENABLE_USER_SCRIPT_SANDBOXING = YES;
				GCC_C_LANGUAGE_STANDARD = gnu17;
				GCC_DYNAMIC_NO_PIC = NO;
				GCC_NO_COMMON_BLOCKS = YES;
				GCC_OPTIMIZATION_LEVEL = 0;
				GCC_PREPROCESSOR_DEFINITIONS = (
					"DEBUG=1",
					"$(inherited)",
				);
				GCC_WARN_64_TO_32_BIT_CONVERSION = YES;
				GCC_WARN_ABOUT_RETURN_TYPE = YES_ERROR;
				GCC_WARN_UNDECLARED_SELECTOR = YES;
				GCC_WARN_UNINITIALIZED_AUTOS = YES_AGGRESSIVE;
				GCC_WARN_UNUSED_FUNCTION = YES;
				GCC_WARN_UNUSED_VARIABLE = YES;
				IPHONEOS_DEPLOYMENT_TARGET = 17.0;
				LOCALIZATION_PREFERS_STRING_CATALOGS = YES;
				MTL_ENABLE_DEBUG_INFO = INCLUDE_SOURCE;
				MTL_FAST_MATH = YES;
				ONLY_ACTIVE_ARCH = YES;
				SDKROOT = iphoneos;
				SWIFT_ACTIVE_COMPILATION_CONDITIONS = "DEBUG $(inherited)";
				SWIFT_OPTIMIZATION_LEVEL = "-Onone";
			};
			name = Debug;
		};
		0EF3EA1A2BF9D0EC000F3E06 /* Release */ = {
			isa = XCBuildConfiguration;
			buildSettings = {
				ALWAYS_SEARCH_USER_PATHS = NO;
				ASSETCATALOG_COMPILER_GENERATE_SWIFT_ASSET_SYMBOL_EXTENSIONS = YES;
				CLANG_ANALYZER_NONNULL = YES;
				CLANG_ANALYZER_NUMBER_OBJECT_CONVERSION = YES_AGGRESSIVE;
				CLANG_CXX_LANGUAGE_STANDARD = "gnu++20";
				CLANG_ENABLE_MODULES = YES;
				CLANG_ENABLE_OBJC_ARC = YES;
				CLANG_ENABLE_OBJC_WEAK = YES;
				CLANG_WARN_BLOCK_CAPTURE_AUTORELEASING = YES;
				CLANG_WARN_BOOL_CONVERSION = YES;
				CLANG_WARN_COMMA = YES;
				CLANG_WARN_CONSTANT_CONVERSION = YES;
				CLANG_WARN_DEPRECATED_OBJC_IMPLEMENTATIONS = YES;
				CLANG_WARN_DIRECT_OBJC_ISA_USAGE = YES_ERROR;
				CLANG_WARN_DOCUMENTATION_COMMENTS = YES;
				CLANG_WARN_EMPTY_BODY = YES;
				CLANG_WARN_ENUM_CONVERSION = YES;
				CLANG_WARN_INFINITE_RECURSION = YES;
				CLANG_WARN_INT_CONVERSION = YES;
				CLANG_WARN_NON_LITERAL_NULL_CONVERSION = YES;
				CLANG_WARN_OBJC_IMPLICIT_RETAIN_SELF = YES;
				CLANG_WARN_OBJC_LITERAL_CONVERSION = YES;
				CLANG_WARN_OBJC_ROOT_CLASS = YES_ERROR;
				CLANG_WARN_QUOTED_INCLUDE_IN_FRAMEWORK_HEADER = YES;
				CLANG_WARN_RANGE_LOOP_ANALYSIS = YES;
				CLANG_WARN_STRICT_PROTOTYPES = YES;
				CLANG_WARN_SUSPICIOUS_MOVE = YES;
				CLANG_WARN_UNGUARDED_AVAILABILITY = YES_AGGRESSIVE;
				CLANG_WARN_UNREACHABLE_CODE = YES;
				CLANG_WARN__DUPLICATE_METHOD_MATCH = YES;
				COPY_PHASE_STRIP = NO;
				DEBUG_INFORMATION_FORMAT = "dwarf-with-dsym";
				ENABLE_NS_ASSERTIONS = NO;
				ENABLE_STRICT_OBJC_MSGSEND = YES;
				ENABLE_USER_SCRIPT_SANDBOXING = YES;
				GCC_C_LANGUAGE_STANDARD = gnu17;
				GCC_NO_COMMON_BLOCKS = YES;
				GCC_WARN_64_TO_32_BIT_CONVERSION = YES;
				GCC_WARN_ABOUT_RETURN_TYPE = YES_ERROR;
				GCC_WARN_UNDECLARED_SELECTOR = YES;
				GCC_WARN_UNINITIALIZED_AUTOS = YES_AGGRESSIVE;
				GCC_WARN_UNUSED_FUNCTION = YES;
				GCC_WARN_UNUSED_VARIABLE = YES;
				IPHONEOS_DEPLOYMENT_TARGET = 17.0;
				LOCALIZATION_PREFERS_STRING_CATALOGS = YES;
				MTL_ENABLE_DEBUG_INFO = NO;
				MTL_FAST_MATH = YES;
				SDKROOT = iphoneos;
				SWIFT_COMPILATION_MODE = wholemodule;
				VALIDATE_PRODUCT = YES;
			};
			name = Release;
		};
		0EF3EA1C2BF9D0EC000F3E06 /* Debug */ = {
			isa = XCBuildConfiguration;
			baseConfigurationReference = 0EF3EA1E2BF9FA7B000F3E06 /* Secrets.xcconfig */;
			buildSettings = {
				ASSETCATALOG_COMPILER_APPICON_NAME = AppIcon;
				ASSETCATALOG_COMPILER_GLOBAL_ACCENT_COLOR_NAME = AccentColor;
				CODE_SIGN_STYLE = Automatic;
				CURRENT_PROJECT_VERSION = 1;
				DEVELOPMENT_TEAM = HQ945SN938;
				GENERATE_INFOPLIST_FILE = YES;
				INFOPLIST_FILE = GIF_Search/Info.plist;
				INFOPLIST_KEY_UIApplicationSupportsIndirectInputEvents = YES;
				INFOPLIST_KEY_UILaunchStoryboardName = LaunchScreen;
				INFOPLIST_KEY_UISupportedInterfaceOrientations_iPad = "UIInterfaceOrientationPortrait UIInterfaceOrientationPortraitUpsideDown UIInterfaceOrientationLandscapeLeft UIInterfaceOrientationLandscapeRight";
				INFOPLIST_KEY_UISupportedInterfaceOrientations_iPhone = "UIInterfaceOrientationPortrait UIInterfaceOrientationLandscapeLeft UIInterfaceOrientationLandscapeRight";
				LD_RUNPATH_SEARCH_PATHS = (
					"$(inherited)",
					"@executable_path/Frameworks",
				);
				MARKETING_VERSION = 1.0;
				PRODUCT_BUNDLE_IDENTIFIER = "com.Mango.GIF-Search";
				PRODUCT_NAME = "$(TARGET_NAME)";
				SWIFT_EMIT_LOC_STRINGS = YES;
				SWIFT_VERSION = 5.0;
				TARGETED_DEVICE_FAMILY = "1,2";
			};
			name = Debug;
		};
		0EF3EA1D2BF9D0EC000F3E06 /* Release */ = {
			isa = XCBuildConfiguration;
			baseConfigurationReference = 0EF3EA1E2BF9FA7B000F3E06 /* Secrets.xcconfig */;
			buildSettings = {
				ASSETCATALOG_COMPILER_APPICON_NAME = AppIcon;
				ASSETCATALOG_COMPILER_GLOBAL_ACCENT_COLOR_NAME = AccentColor;
				CODE_SIGN_STYLE = Automatic;
				CURRENT_PROJECT_VERSION = 1;
				DEVELOPMENT_TEAM = HQ945SN938;
				GENERATE_INFOPLIST_FILE = YES;
				INFOPLIST_FILE = GIF_Search/Info.plist;
				INFOPLIST_KEY_UIApplicationSupportsIndirectInputEvents = YES;
				INFOPLIST_KEY_UILaunchStoryboardName = LaunchScreen;
				INFOPLIST_KEY_UISupportedInterfaceOrientations_iPad = "UIInterfaceOrientationPortrait UIInterfaceOrientationPortraitUpsideDown UIInterfaceOrientationLandscapeLeft UIInterfaceOrientationLandscapeRight";
				INFOPLIST_KEY_UISupportedInterfaceOrientations_iPhone = "UIInterfaceOrientationPortrait UIInterfaceOrientationLandscapeLeft UIInterfaceOrientationLandscapeRight";
				LD_RUNPATH_SEARCH_PATHS = (
					"$(inherited)",
					"@executable_path/Frameworks",
				);
				MARKETING_VERSION = 1.0;
				PRODUCT_BUNDLE_IDENTIFIER = "com.Mango.GIF-Search";
				PRODUCT_NAME = "$(TARGET_NAME)";
				SWIFT_EMIT_LOC_STRINGS = YES;
				SWIFT_VERSION = 5.0;
				TARGETED_DEVICE_FAMILY = "1,2";
			};
			name = Release;
		};
/* End XCBuildConfiguration section */

/* Begin XCConfigurationList section */
		0EF3EA022BF9D0EB000F3E06 /* Build configuration list for PBXProject "GIF_Search" */ = {
			isa = XCConfigurationList;
			buildConfigurations = (
				0EF3EA192BF9D0EC000F3E06 /* Debug */,
				0EF3EA1A2BF9D0EC000F3E06 /* Release */,
			);
			defaultConfigurationIsVisible = 0;
			defaultConfigurationName = Release;
		};
		0EF3EA1B2BF9D0EC000F3E06 /* Build configuration list for PBXNativeTarget "GIF_Search" */ = {
			isa = XCConfigurationList;
			buildConfigurations = (
				0EF3EA1C2BF9D0EC000F3E06 /* Debug */,
				0EF3EA1D2BF9D0EC000F3E06 /* Release */,
			);
			defaultConfigurationIsVisible = 0;
			defaultConfigurationName = Release;
		};
/* End XCConfigurationList section */
	};
	rootObject = 0EF3E9FF2BF9D0EB000F3E06 /* Project object */;
}
